
Microsoft Visual Studio Solution File, Format Version 12.00
# Visual Studio Version 17
VisualStudioVersion = 17.14.36221.1 d17.14
MinimumVisualStudioVersion = 10.0.40219.1
Project("{FAE04EC0-301F-11D3-BF4B-00C04F79EFBC}") = "App", "App\App.csproj", "{9CD34525-8392-4E47-96E8-093652F2A07A}"
EndProject
Global
	GlobalSection(SolutionConfigurationPlatforms) = preSolution
		Debug|Any CPU = Debug|Any CPU
		Release|Any CPU = Release|Any CPU
	EndGlobalSection
	GlobalSection(ProjectConfigurationPlatforms) = postSolution
		{9CD34525-8392-4E47-96E8-093652F2A07A}.Debug|Any CPU.ActiveCfg = Debug|Any CPU
		{9CD34525-8392-4E47-96E8-093652F2A07A}.Debug|Any CPU.Build.0 = Debug|Any CPU
		{9CD34525-8392-4E47-96E8-093652F2A07A}.Release|Any CPU.ActiveCfg = Release|Any CPU
		{9CD34525-8392-4E47-96E8-093652F2A07A}.Release|Any CPU.Build.0 = Release|Any CPU
	EndGlobalSection
	GlobalSection(SolutionProperties) = preSolution
		HideSolutionNode = FALSE
	EndGlobalSection
	GlobalSection(ExtensibilityGlobals) = postSolution
		SolutionGuid = {83E876FD-F025-4499-9CD2-DEB7780021EC}
	EndGlobalSection
EndGlobal
